
Microsoft Visual Studio Solution File, Format Version 12.00
# Visual Studio Version 16
VisualStudioVersion = 16.0.30717.126
MinimumVisualStudioVersion = 10.0.40219.1
Project("{9A19103F-16F7-4668-BE54-9A1E7A4F7556}") = "EF_CodeFirst", "EF_CodeFirst.csproj", "{D31B5F88-A0C9-4878-BD77-C11F0BFC2A72}"
EndProject
Project("{FAE04EC0-301F-11D3-BF4B-00C04F79EFBC}") = "EF_CodeFirst_Helpers", "..\EF_CodeFirst_Helpers\EF_CodeFirst_Helpers.csproj", "{25E5CEB3-CD07-4BB7-BA13-993389D53075}"
EndProject
Global
	GlobalSection(SolutionConfigurationPlatforms) = preSolution
		Debug|Any CPU = Debug|Any CPU
		Release|Any CPU = Release|Any CPU
	EndGlobalSection
	GlobalSection(ProjectConfigurationPlatforms) = postSolution
		{D31B5F88-A0C9-4878-BD77-C11F0BFC2A72}.Debug|Any CPU.ActiveCfg = Debug|Any CPU
		{D31B5F88-A0C9-4878-BD77-C11F0BFC2A72}.Debug|Any CPU.Build.0 = Debug|Any CPU
		{D31B5F88-A0C9-4878-BD77-C11F0BFC2A72}.Release|Any CPU.ActiveCfg = Release|Any CPU
		{D31B5F88-A0C9-4878-BD77-C11F0BFC2A72}.Release|Any CPU.Build.0 = Release|Any CPU
		{25E5CEB3-CD07-4BB7-BA13-993389D53075}.Debug|Any CPU.ActiveCfg = Debug|Any CPU
		{25E5CEB3-CD07-4BB7-BA13-993389D53075}.Debug|Any CPU.Build.0 = Debug|Any CPU
		{25E5CEB3-CD07-4BB7-BA13-993389D53075}.Release|Any CPU.ActiveCfg = Release|Any CPU
		{25E5CEB3-CD07-4BB7-BA13-993389D53075}.Release|Any CPU.Build.0 = Release|Any CPU
	EndGlobalSection
	GlobalSection(SolutionProperties) = preSolution
		HideSolutionNode = FALSE
	EndGlobalSection
	GlobalSection(ExtensibilityGlobals) = postSolution
		SolutionGuid = {F73FCC43-D021-4146-B0BE-77136736AED7}
	EndGlobalSection
EndGlobal
